// !$*UTF8*$!
{
	archiveVersion = 1;
	classes = {
	};
	objectVersion = 56;
	objects = {

/* Begin PBXBuildFile section */
		744876162AD39FEA00E0D50F /* TodoTask.swift in Sources */ = {isa = PBXBuildFile; fileRef = 744876152AD39FEA00E0D50F /* TodoTask.swift */; };
		744876182AD3A6B600E0D50F /* TodoTaskModelTests.swift in Sources */ = {isa = PBXBuildFile; fileRef = 744876172AD3A6B600E0D50F /* TodoTaskModelTests.swift */; };
		74B277A92AF899C300DB410D /* TodoListEnvironment.swift in Sources */ = {isa = PBXBuildFile; fileRef = 74B277A82AF899C300DB410D /* TodoListEnvironment.swift */; };
		74C8CC702AD20A5600CA0467 /* MIETodoListApp.swift in Sources */ = {isa = PBXBuildFile; fileRef = 74C8CC6F2AD20A5600CA0467 /* MIETodoListApp.swift */; };
		74C8CC722AD20A5600CA0467 /* ContentView.swift in Sources */ = {isa = PBXBuildFile; fileRef = 74C8CC712AD20A5600CA0467 /* ContentView.swift */; };
		74C8CC742AD20A5700CA0467 /* Assets.xcassets in Resources */ = {isa = PBXBuildFile; fileRef = 74C8CC732AD20A5700CA0467 /* Assets.xcassets */; };
		74C8CC772AD20A5700CA0467 /* Preview Assets.xcassets in Resources */ = {isa = PBXBuildFile; fileRef = 74C8CC762AD20A5700CA0467 /* Preview Assets.xcassets */; };
		74C8CC812AD20A5800CA0467 /* MIETodoListTests.swift in Sources */ = {isa = PBXBuildFile; fileRef = 74C8CC802AD20A5800CA0467 /* MIETodoListTests.swift */; };
		74C8CC8B2AD20A5800CA0467 /* MIETodoListUITests.swift in Sources */ = {isa = PBXBuildFile; fileRef = 74C8CC8A2AD20A5800CA0467 /* MIETodoListUITests.swift */; };
		74C8CC8D2AD20A5800CA0467 /* MIETodoListUITestsLaunchTests.swift in Sources */ = {isa = PBXBuildFile; fileRef = 74C8CC8C2AD20A5800CA0467 /* MIETodoListUITestsLaunchTests.swift */; };
/* End PBXBuildFile section */

/* Begin PBXContainerItemProxy section */
		74C8CC7D2AD20A5800CA0467 /* PBXContainerItemProxy */ = {
			isa = PBXContainerItemProxy;
			containerPortal = 74C8CC642AD20A5600CA0467 /* Project object */;
			proxyType = 1;
			remoteGlobalIDString = 74C8CC6B2AD20A5600CA0467;
			remoteInfo = MIETodoList;
		};
		74C8CC872AD20A5800CA0467 /* PBXContainerItemProxy */ = {
			isa = PBXContainerItemProxy;
			containerPortal = 74C8CC642AD20A5600CA0467 /* Project object */;
			proxyType = 1;
			remoteGlobalIDString = 74C8CC6B2AD20A5600CA0467;
			remoteInfo = MIETodoList;
		};
/* End PBXContainerItemProxy section */

/* Begin PBXFileReference section */
		744876152AD39FEA00E0D50F /* TodoTask.swift */ = {isa = PBXFileReference; lastKnownFileType = sourcecode.swift; path = TodoTask.swift; sourceTree = "<group>"; };
		744876172AD3A6B600E0D50F /* TodoTaskModelTests.swift */ = {isa = PBXFileReference; lastKnownFileType = sourcecode.swift; path = TodoTaskModelTests.swift; sourceTree = "<group>"; };
		74B277A82AF899C300DB410D /* TodoListEnvironment.swift */ = {isa = PBXFileReference; lastKnownFileType = sourcecode.swift; path = TodoListEnvironment.swift; sourceTree = "<group>"; };
		74C8CC6C2AD20A5600CA0467 /* MIETodoList.app */ = {isa = PBXFileReference; explicitFileType = wrapper.application; includeInIndex = 0; path = MIETodoList.app; sourceTree = BUILT_PRODUCTS_DIR; };
		74C8CC6F2AD20A5600CA0467 /* MIETodoListApp.swift */ = {isa = PBXFileReference; lastKnownFileType = sourcecode.swift; path = MIETodoListApp.swift; sourceTree = "<group>"; };
		74C8CC712AD20A5600CA0467 /* ContentView.swift */ = {isa = PBXFileReference; lastKnownFileType = sourcecode.swift; path = ContentView.swift; sourceTree = "<group>"; };
		74C8CC732AD20A5700CA0467 /* Assets.xcassets */ = {isa = PBXFileReference; lastKnownFileType = folder.assetcatalog; path = Assets.xcassets; sourceTree = "<group>"; };
		74C8CC762AD20A5700CA0467 /* Preview Assets.xcassets */ = {isa = PBXFileReference; lastKnownFileType = folder.assetcatalog; path = "Preview Assets.xcassets"; sourceTree = "<group>"; };
		74C8CC7C2AD20A5800CA0467 /* MIETodoListTests.xctest */ = {isa = PBXFileReference; explicitFileType = wrapper.cfbundle; includeInIndex = 0; path = MIETodoListTests.xctest; sourceTree = BUILT_PRODUCTS_DIR; };
		74C8CC802AD20A5800CA0467 /* MIETodoListTests.swift */ = {isa = PBXFileReference; lastKnownFileType = sourcecode.swift; path = MIETodoListTests.swift; sourceTree = "<group>"; };
		74C8CC862AD20A5800CA0467 /* MIETodoListUITests.xctest */ = {isa = PBXFileReference; explicitFileType = wrapper.cfbundle; includeInIndex = 0; path = MIETodoListUITests.xctest; sourceTree = BUILT_PRODUCTS_DIR; };
		74C8CC8A2AD20A5800CA0467 /* MIETodoListUITests.swift */ = {isa = PBXFileReference; lastKnownFileType = sourcecode.swift; path = MIETodoListUITests.swift; sourceTree = "<group>"; };
		74C8CC8C2AD20A5800CA0467 /* MIETodoListUITestsLaunchTests.swift */ = {isa = PBXFileReference; lastKnownFileType = sourcecode.swift; path = MIETodoListUITestsLaunchTests.swift; sourceTree = "<group>"; };
/* End PBXFileReference section */

/* Begin PBXFrameworksBuildPhase section */
		74C8CC692AD20A5600CA0467 /* Frameworks */ = {
			isa = PBXFrameworksBuildPhase;
			buildActionMask = 2147483647;
			files = (
			);
			runOnlyForDeploymentPostprocessing = 0;
		};
		74C8CC792AD20A5800CA0467 /* Frameworks */ = {
			isa = PBXFrameworksBuildPhase;
			buildActionMask = 2147483647;
			files = (
			);
			runOnlyForDeploymentPostprocessing = 0;
		};
		74C8CC832AD20A5800CA0467 /* Frameworks */ = {
			isa = PBXFrameworksBuildPhase;
			buildActionMask = 2147483647;
			files = (
			);
			runOnlyForDeploymentPostprocessing = 0;
		};
/* End PBXFrameworksBuildPhase section */

/* Begin PBXGroup section */
		744876102AD39F6B00E0D50F /* View Model */ = {
			isa = PBXGroup;
			children = (
				74B277A82AF899C300DB410D /* TodoListEnvironment.swift */,
			);
			path = "View Model";
			sourceTree = "<group>";
		};
		744876112AD39F8600E0D50F /* View */ = {
			isa = PBXGroup;
			children = (
			);
			path = View;
			sourceTree = "<group>";
		};
		744876122AD39F8E00E0D50F /* Model */ = {
			isa = PBXGroup;
			children = (
				744876152AD39FEA00E0D50F /* TodoTask.swift */,
			);
			path = Model;
			sourceTree = "<group>";
		};
		744876132AD39F9300E0D50F /* Screens */ = {
			isa = PBXGroup;
			children = (
			);
			path = Screens;
			sourceTree = "<group>";
		};
		744876142AD39F9A00E0D50F /* Extensions */ = {
			isa = PBXGroup;
			children = (
			);
			path = Extensions;
			sourceTree = "<group>";
		};
		74C8CC632AD20A5600CA0467 = {
			isa = PBXGroup;
			children = (
				74C8CC6E2AD20A5600CA0467 /* MIETodoList */,
				74C8CC7F2AD20A5800CA0467 /* MIETodoListTests */,
				74C8CC892AD20A5800CA0467 /* MIETodoListUITests */,
				74C8CC6D2AD20A5600CA0467 /* Products */,
			);
			sourceTree = "<group>";
		};
		74C8CC6D2AD20A5600CA0467 /* Products */ = {
			isa = PBXGroup;
			children = (
				74C8CC6C2AD20A5600CA0467 /* MIETodoList.app */,
				74C8CC7C2AD20A5800CA0467 /* MIETodoListTests.xctest */,
				74C8CC862AD20A5800CA0467 /* MIETodoListUITests.xctest */,
			);
			name = Products;
			sourceTree = "<group>";
		};
		74C8CC6E2AD20A5600CA0467 /* MIETodoList */ = {
			isa = PBXGroup;
			children = (
				744876142AD39F9A00E0D50F /* Extensions */,
				744876122AD39F8E00E0D50F /* Model */,
				744876102AD39F6B00E0D50F /* View Model */,
				744876112AD39F8600E0D50F /* View */,
				744876132AD39F9300E0D50F /* Screens */,
				74C8CC6F2AD20A5600CA0467 /* MIETodoListApp.swift */,
				74C8CC712AD20A5600CA0467 /* ContentView.swift */,
				74C8CC732AD20A5700CA0467 /* Assets.xcassets */,
				74C8CC752AD20A5700CA0467 /* Preview Content */,
			);
			path = MIETodoList;
			sourceTree = "<group>";
		};
		74C8CC752AD20A5700CA0467 /* Preview Content */ = {
			isa = PBXGroup;
			children = (
				74C8CC762AD20A5700CA0467 /* Preview Assets.xcassets */,
			);
			path = "Preview Content";
			sourceTree = "<group>";
		};
		74C8CC7F2AD20A5800CA0467 /* MIETodoListTests */ = {
			isa = PBXGroup;
			children = (
				74C8CC802AD20A5800CA0467 /* MIETodoListTests.swift */,
				744876172AD3A6B600E0D50F /* TodoTaskModelTests.swift */,
			);
			path = MIETodoListTests;
			sourceTree = "<group>";
		};
		74C8CC892AD20A5800CA0467 /* MIETodoListUITests */ = {
			isa = PBXGroup;
			children = (
				74C8CC8A2AD20A5800CA0467 /* MIETodoListUITests.swift */,
				74C8CC8C2AD20A5800CA0467 /* MIETodoListUITestsLaunchTests.swift */,
			);
			path = MIETodoListUITests;
			sourceTree = "<group>";
		};
/* End PBXGroup section */

/* Begin PBXNativeTarget section */
		74C8CC6B2AD20A5600CA0467 /* MIETodoList */ = {
			isa = PBXNativeTarget;
			buildConfigurationList = 74C8CC902AD20A5800CA0467 /* Build configuration list for PBXNativeTarget "MIETodoList" */;
			buildPhases = (
				74C8CC682AD20A5600CA0467 /* Sources */,
				74C8CC692AD20A5600CA0467 /* Frameworks */,
				74C8CC6A2AD20A5600CA0467 /* Resources */,
			);
			buildRules = (
			);
			dependencies = (
			);
			name = MIETodoList;
			productName = MIETodoList;
			productReference = 74C8CC6C2AD20A5600CA0467 /* MIETodoList.app */;
			productType = "com.apple.product-type.application";
		};
		74C8CC7B2AD20A5800CA0467 /* MIETodoListTests */ = {
			isa = PBXNativeTarget;
			buildConfigurationList = 74C8CC932AD20A5800CA0467 /* Build configuration list for PBXNativeTarget "MIETodoListTests" */;
			buildPhases = (
				74C8CC782AD20A5800CA0467 /* Sources */,
				74C8CC792AD20A5800CA0467 /* Frameworks */,
				74C8CC7A2AD20A5800CA0467 /* Resources */,
			);
			buildRules = (
			);
			dependencies = (
				74C8CC7E2AD20A5800CA0467 /* PBXTargetDependency */,
			);
			name = MIETodoListTests;
			productName = MIETodoListTests;
			productReference = 74C8CC7C2AD20A5800CA0467 /* MIETodoListTests.xctest */;
			productType = "com.apple.product-type.bundle.unit-test";
		};
		74C8CC852AD20A5800CA0467 /* MIETodoListUITests */ = {
			isa = PBXNativeTarget;
			buildConfigurationList = 74C8CC962AD20A5800CA0467 /* Build configuration list for PBXNativeTarget "MIETodoListUITests" */;
			buildPhases = (
				74C8CC822AD20A5800CA0467 /* Sources */,
				74C8CC832AD20A5800CA0467 /* Frameworks */,
				74C8CC842AD20A5800CA0467 /* Resources */,
			);
			buildRules = (
			);
			dependencies = (
				74C8CC882AD20A5800CA0467 /* PBXTargetDependency */,
			);
			name = MIETodoListUITests;
			productName = MIETodoListUITests;
			productReference = 74C8CC862AD20A5800CA0467 /* MIETodoListUITests.xctest */;
			productType = "com.apple.product-type.bundle.ui-testing";
		};
/* End PBXNativeTarget section */

/* Begin PBXProject section */
		74C8CC642AD20A5600CA0467 /* Project object */ = {
			isa = PBXProject;
			attributes = {
				BuildIndependentTargetsInParallel = 1;
				LastSwiftUpdateCheck = 1500;
				LastUpgradeCheck = 1500;
				TargetAttributes = {
					74C8CC6B2AD20A5600CA0467 = {
						CreatedOnToolsVersion = 15.0;
					};
					74C8CC7B2AD20A5800CA0467 = {
						CreatedOnToolsVersion = 15.0;
						TestTargetID = 74C8CC6B2AD20A5600CA0467;
					};
					74C8CC852AD20A5800CA0467 = {
						CreatedOnToolsVersion = 15.0;
						TestTargetID = 74C8CC6B2AD20A5600CA0467;
					};
				};
			};
			buildConfigurationList = 74C8CC672AD20A5600CA0467 /* Build configuration list for PBXProject "MIETodoList" */;
			compatibilityVersion = "Xcode 14.0";
			developmentRegion = en;
			hasScannedForEncodings = 0;
			knownRegions = (
				en,
				Base,
			);
			mainGroup = 74C8CC632AD20A5600CA0467;
			productRefGroup = 74C8CC6D2AD20A5600CA0467 /* Products */;
			projectDirPath = "";
			projectRoot = "";
			targets = (
				74C8CC6B2AD20A5600CA0467 /* MIETodoList */,
				74C8CC7B2AD20A5800CA0467 /* MIETodoListTests */,
				74C8CC852AD20A5800CA0467 /* MIETodoListUITests */,
			);
		};
/* End PBXProject section */

/* Begin PBXResourcesBuildPhase section */
		74C8CC6A2AD20A5600CA0467 /* Resources */ = {
			isa = PBXResourcesBuildPhase;
			buildActionMask = 2147483647;
			files = (
				74C8CC772AD20A5700CA0467 /* Preview Assets.xcassets in Resources */,
				74C8CC742AD20A5700CA0467 /* Assets.xcassets in Resources */,
			);
			runOnlyForDeploymentPostprocessing = 0;
		};
		74C8CC7A2AD20A5800CA0467 /* Resources */ = {
			isa = PBXResourcesBuildPhase;
			buildActionMask = 2147483647;
			files = (
			);
			runOnlyForDeploymentPostprocessing = 0;
		};
		74C8CC842AD20A5800CA0467 /* Resources */ = {
			isa = PBXResourcesBuildPhase;
			buildActionMask = 2147483647;
			files = (
			);
			runOnlyForDeploymentPostprocessing = 0;
		};
/* End PBXResourcesBuildPhase section */

/* Begin PBXSourcesBuildPhase section */
		74C8CC682AD20A5600CA0467 /* Sources */ = {
			isa = PBXSourcesBuildPhase;
			buildActionMask = 2147483647;
			files = (
				744876162AD39FEA00E0D50F /* TodoTask.swift in Sources */,
				74C8CC722AD20A5600CA0467 /* ContentView.swift in Sources */,
				74C8CC702AD20A5600CA0467 /* MIETodoListApp.swift in Sources */,
				74B277A92AF899C300DB410D /* TodoListEnvironment.swift in Sources */,
			);
			runOnlyForDeploymentPostprocessing = 0;
		};
		74C8CC782AD20A5800CA0467 /* Sources */ = {
			isa = PBXSourcesBuildPhase;
			buildActionMask = 2147483647;
			files = (
				744876182AD3A6B600E0D50F /* TodoTaskModelTests.swift in Sources */,
				74C8CC812AD20A5800CA0467 /* MIETodoListTests.swift in Sources */,
			);
			runOnlyForDeploymentPostprocessing = 0;
		};
		74C8CC822AD20A5800CA0467 /* Sources */ = {
			isa = PBXSourcesBuildPhase;
			buildActionMask = 2147483647;
			files = (
				74C8CC8D2AD20A5800CA0467 /* MIETodoListUITestsLaunchTests.swift in Sources */,
				74C8CC8B2AD20A5800CA0467 /* MIETodoListUITests.swift in Sources */,
			);
			runOnlyForDeploymentPostprocessing = 0;
		};
/* End PBXSourcesBuildPhase section */

/* Begin PBXTargetDependency section */
		74C8CC7E2AD20A5800CA0467 /* PBXTargetDependency */ = {
			isa = PBXTargetDependency;
			target = 74C8CC6B2AD20A5600CA0467 /* MIETodoList */;
			targetProxy = 74C8CC7D2AD20A5800CA0467 /* PBXContainerItemProxy */;
		};
		74C8CC882AD20A5800CA0467 /* PBXTargetDependency */ = {
			isa = PBXTargetDependency;
			target = 74C8CC6B2AD20A5600CA0467 /* MIETodoList */;
			targetProxy = 74C8CC872AD20A5800CA0467 /* PBXContainerItemProxy */;
		};
/* End PBXTargetDependency section */

/* Begin XCBuildConfiguration section */
		74C8CC8E2AD20A5800CA0467 /* Debug */ = {
			isa = XCBuildConfiguration;
			buildSettings = {
				ALWAYS_SEARCH_USER_PATHS = NO;
				ASSETCATALOG_COMPILER_GENERATE_SWIFT_ASSET_SYMBOL_EXTENSIONS = YES;
				CLANG_ANALYZER_NONNULL = YES;
				CLANG_ANALYZER_NUMBER_OBJECT_CONVERSION = YES_AGGRESSIVE;
				CLANG_CXX_LANGUAGE_STANDARD = "gnu++20";
				CLANG_ENABLE_MODULES = YES;
				CLANG_ENABLE_OBJC_ARC = YES;
				CLANG_ENABLE_OBJC_WEAK = YES;
				CLANG_WARN_BLOCK_CAPTURE_AUTORELEASING = YES;
				CLANG_WARN_BOOL_CONVERSION = YES;
				CLANG_WARN_COMMA = YES;
				CLANG_WARN_CONSTANT_CONVERSION = YES;
				CLANG_WARN_DEPRECATED_OBJC_IMPLEMENTATIONS = YES;
				CLANG_WARN_DIRECT_OBJC_ISA_USAGE = YES_ERROR;
				CLANG_WARN_DOCUMENTATION_COMMENTS = YES;
				CLANG_WARN_EMPTY_BODY = YES;
				CLANG_WARN_ENUM_CONVERSION = YES;
				CLANG_WARN_INFINITE_RECURSION = YES;
				CLANG_WARN_INT_CONVERSION = YES;
				CLANG_WARN_NON_LITERAL_NULL_CONVERSION = YES;
				CLANG_WARN_OBJC_IMPLICIT_RETAIN_SELF = YES;
				CLANG_WARN_OBJC_LITERAL_CONVERSION = YES;
				CLANG_WARN_OBJC_ROOT_CLASS = YES_ERROR;
				CLANG_WARN_QUOTED_INCLUDE_IN_FRAMEWORK_HEADER = YES;
				CLANG_WARN_RANGE_LOOP_ANALYSIS = YES;
				CLANG_WARN_STRICT_PROTOTYPES = YES;
				CLANG_WARN_SUSPICIOUS_MOVE = YES;
				CLANG_WARN_UNGUARDED_AVAILABILITY = YES_AGGRESSIVE;
				CLANG_WARN_UNREACHABLE_CODE = YES;
				CLANG_WARN__DUPLICATE_METHOD_MATCH = YES;
				COPY_PHASE_STRIP = NO;
				DEBUG_INFORMATION_FORMAT = dwarf;
				ENABLE_STRICT_OBJC_MSGSEND = YES;
				ENABLE_TESTABILITY = YES;
				ENABLE_USER_SCRIPT_SANDBOXING = YES;
				GCC_C_LANGUAGE_STANDARD = gnu17;
				GCC_DYNAMIC_NO_PIC = NO;
				GCC_NO_COMMON_BLOCKS = YES;
				GCC_OPTIMIZATION_LEVEL = 0;
				GCC_PREPROCESSOR_DEFINITIONS = (
					"DEBUG=1",
					"$(inherited)",
				);
				GCC_WARN_64_TO_32_BIT_CONVERSION = YES;
				GCC_WARN_ABOUT_RETURN_TYPE = YES_ERROR;
				GCC_WARN_UNDECLARED_SELECTOR = YES;
				GCC_WARN_UNINITIALIZED_AUTOS = YES_AGGRESSIVE;
				GCC_WARN_UNUSED_FUNCTION = YES;
				GCC_WARN_UNUSED_VARIABLE = YES;
				IPHONEOS_DEPLOYMENT_TARGET = 17.0;
				LOCALIZATION_PREFERS_STRING_CATALOGS = YES;
				MTL_ENABLE_DEBUG_INFO = INCLUDE_SOURCE;
				MTL_FAST_MATH = YES;
				ONLY_ACTIVE_ARCH = YES;
				SDKROOT = iphoneos;
				SWIFT_ACTIVE_COMPILATION_CONDITIONS = "DEBUG $(inherited)";
				SWIFT_OPTIMIZATION_LEVEL = "-Onone";
			};
			name = Debug;
		};
		74C8CC8F2AD20A5800CA0467 /* Release */ = {
			isa = XCBuildConfiguration;
			buildSettings = {
				ALWAYS_SEARCH_USER_PATHS = NO;
				ASSETCATALOG_COMPILER_GENERATE_SWIFT_ASSET_SYMBOL_EXTENSIONS = YES;
				CLANG_ANALYZER_NONNULL = YES;
				CLANG_ANALYZER_NUMBER_OBJECT_CONVERSION = YES_AGGRESSIVE;
				CLANG_CXX_LANGUAGE_STANDARD = "gnu++20";
				CLANG_ENABLE_MODULES = YES;
				CLANG_ENABLE_OBJC_ARC = YES;
				CLANG_ENABLE_OBJC_WEAK = YES;
				CLANG_WARN_BLOCK_CAPTURE_AUTORELEASING = YES;
				CLANG_WARN_BOOL_CONVERSION = YES;
				CLANG_WARN_COMMA = YES;
				CLANG_WARN_CONSTANT_CONVERSION = YES;
				CLANG_WARN_DEPRECATED_OBJC_IMPLEMENTATIONS = YES;
				CLANG_WARN_DIRECT_OBJC_ISA_USAGE = YES_ERROR;
				CLANG_WARN_DOCUMENTATION_COMMENTS = YES;
				CLANG_WARN_EMPTY_BODY = YES;
				CLANG_WARN_ENUM_CONVERSION = YES;
				CLANG_WARN_INFINITE_RECURSION = YES;
				CLANG_WARN_INT_CONVERSION = YES;
				CLANG_WARN_NON_LITERAL_NULL_CONVERSION = YES;
				CLANG_WARN_OBJC_IMPLICIT_RETAIN_SELF = YES;
				CLANG_WARN_OBJC_LITERAL_CONVERSION = YES;
				CLANG_WARN_OBJC_ROOT_CLASS = YES_ERROR;
				CLANG_WARN_QUOTED_INCLUDE_IN_FRAMEWORK_HEADER = YES;
				CLANG_WARN_RANGE_LOOP_ANALYSIS = YES;
				CLANG_WARN_STRICT_PROTOTYPES = YES;
				CLANG_WARN_SUSPICIOUS_MOVE = YES;
				CLANG_WARN_UNGUARDED_AVAILABILITY = YES_AGGRESSIVE;
				CLANG_WARN_UNREACHABLE_CODE = YES;
				CLANG_WARN__DUPLICATE_METHOD_MATCH = YES;
				COPY_PHASE_STRIP = NO;
				DEBUG_INFORMATION_FORMAT = "dwarf-with-dsym";
				ENABLE_NS_ASSERTIONS = NO;
				ENABLE_STRICT_OBJC_MSGSEND = YES;
				ENABLE_USER_SCRIPT_SANDBOXING = YES;
				GCC_C_LANGUAGE_STANDARD = gnu17;
				GCC_NO_COMMON_BLOCKS = YES;
				GCC_WARN_64_TO_32_BIT_CONVERSION = YES;
				GCC_WARN_ABOUT_RETURN_TYPE = YES_ERROR;
				GCC_WARN_UNDECLARED_SELECTOR = YES;
				GCC_WARN_UNINITIALIZED_AUTOS = YES_AGGRESSIVE;
				GCC_WARN_UNUSED_FUNCTION = YES;
				GCC_WARN_UNUSED_VARIABLE = YES;
				IPHONEOS_DEPLOYMENT_TARGET = 17.0;
				LOCALIZATION_PREFERS_STRING_CATALOGS = YES;
				MTL_ENABLE_DEBUG_INFO = NO;
				MTL_FAST_MATH = YES;
				SDKROOT = iphoneos;
				SWIFT_COMPILATION_MODE = wholemodule;
				VALIDATE_PRODUCT = YES;
			};
			name = Release;
		};
		74C8CC912AD20A5800CA0467 /* Debug */ = {
			isa = XCBuildConfiguration;
			buildSettings = {
				ASSETCATALOG_COMPILER_APPICON_NAME = AppIcon;
				ASSETCATALOG_COMPILER_GLOBAL_ACCENT_COLOR_NAME = AccentColor;
				CODE_SIGN_STYLE = Automatic;
				CURRENT_PROJECT_VERSION = 1;
				DEVELOPMENT_ASSET_PATHS = "\"MIETodoList/Preview Content\"";
				DEVELOPMENT_TEAM = 6U666T5AU4;
				ENABLE_PREVIEWS = YES;
				GENERATE_INFOPLIST_FILE = YES;
				INFOPLIST_KEY_UIApplicationSceneManifest_Generation = YES;
				INFOPLIST_KEY_UIApplicationSupportsIndirectInputEvents = YES;
				INFOPLIST_KEY_UILaunchScreen_Generation = YES;
				INFOPLIST_KEY_UISupportedInterfaceOrientations_iPad = "UIInterfaceOrientationPortrait UIInterfaceOrientationPortraitUpsideDown UIInterfaceOrientationLandscapeLeft UIInterfaceOrientationLandscapeRight";
				INFOPLIST_KEY_UISupportedInterfaceOrientations_iPhone = "UIInterfaceOrientationPortrait UIInterfaceOrientationLandscapeLeft UIInterfaceOrientationLandscapeRight";
				LD_RUNPATH_SEARCH_PATHS = (
					"$(inherited)",
					"@executable_path/Frameworks",
				);
				MARKETING_VERSION = 1.0;
				PRODUCT_BUNDLE_IDENTIFIER = MIETech.MIETodoList;
				PRODUCT_NAME = "$(TARGET_NAME)";
				SWIFT_EMIT_LOC_STRINGS = YES;
				SWIFT_VERSION = 5.0;
				TARGETED_DEVICE_FAMILY = "1,2";
			};
			name = Debug;
		};
		74C8CC922AD20A5800CA0467 /* Release */ = {
			isa = XCBuildConfiguration;
			buildSettings = {
				ASSETCATALOG_COMPILER_APPICON_NAME = AppIcon;
				ASSETCATALOG_COMPILER_GLOBAL_ACCENT_COLOR_NAME = AccentColor;
				CODE_SIGN_STYLE = Automatic;
				CURRENT_PROJECT_VERSION = 1;
				DEVELOPMENT_ASSET_PATHS = "\"MIETodoList/Preview Content\"";
				DEVELOPMENT_TEAM = 6U666T5AU4;
				ENABLE_PREVIEWS = YES;
				GENERATE_INFOPLIST_FILE = YES;
				INFOPLIST_KEY_UIApplicationSceneManifest_Generation = YES;
				INFOPLIST_KEY_UIApplicationSupportsIndirectInputEvents = YES;
				INFOPLIST_KEY_UILaunchScreen_Generation = YES;
				INFOPLIST_KEY_UISupportedInterfaceOrientations_iPad = "UIInterfaceOrientationPortrait UIInterfaceOrientationPortraitUpsideDown UIInterfaceOrientationLandscapeLeft UIInterfaceOrientationLandscapeRight";
				INFOPLIST_KEY_UISupportedInterfaceOrientations_iPhone = "UIInterfaceOrientationPortrait UIInterfaceOrientationLandscapeLeft UIInterfaceOrientationLandscapeRight";
				LD_RUNPATH_SEARCH_PATHS = (
					"$(inherited)",
					"@executable_path/Frameworks",
				);
				MARKETING_VERSION = 1.0;
				PRODUCT_BUNDLE_IDENTIFIER = MIETech.MIETodoList;
				PRODUCT_NAME = "$(TARGET_NAME)";
				SWIFT_EMIT_LOC_STRINGS = YES;
				SWIFT_VERSION = 5.0;
				TARGETED_DEVICE_FAMILY = "1,2";
			};
			name = Release;
		};
		74C8CC942AD20A5800CA0467 /* Debug */ = {
			isa = XCBuildConfiguration;
			buildSettings = {
				ALWAYS_EMBED_SWIFT_STANDARD_LIBRARIES = YES;
				BUNDLE_LOADER = "$(TEST_HOST)";
				CODE_SIGN_STYLE = Automatic;
				CURRENT_PROJECT_VERSION = 1;
				DEVELOPMENT_TEAM = 6U666T5AU4;
				GENERATE_INFOPLIST_FILE = YES;
				IPHONEOS_DEPLOYMENT_TARGET = 17.0;
				MARKETING_VERSION = 1.0;
				PRODUCT_BUNDLE_IDENTIFIER = MIETech.MIETodoListTests;
				PRODUCT_NAME = "$(TARGET_NAME)";
				SWIFT_EMIT_LOC_STRINGS = NO;
				SWIFT_VERSION = 5.0;
				TARGETED_DEVICE_FAMILY = "1,2";
				TEST_HOST = "$(BUILT_PRODUCTS_DIR)/MIETodoList.app/$(BUNDLE_EXECUTABLE_FOLDER_PATH)/MIETodoList";
			};
			name = Debug;
		};
		74C8CC952AD20A5800CA0467 /* Release */ = {
			isa = XCBuildConfiguration;
			buildSettings = {
				ALWAYS_EMBED_SWIFT_STANDARD_LIBRARIES = YES;
				BUNDLE_LOADER = "$(TEST_HOST)";
				CODE_SIGN_STYLE = Automatic;
				CURRENT_PROJECT_VERSION = 1;
				DEVELOPMENT_TEAM = 6U666T5AU4;
				GENERATE_INFOPLIST_FILE = YES;
				IPHONEOS_DEPLOYMENT_TARGET = 17.0;
				MARKETING_VERSION = 1.0;
				PRODUCT_BUNDLE_IDENTIFIER = MIETech.MIETodoListTests;
				PRODUCT_NAME = "$(TARGET_NAME)";
				SWIFT_EMIT_LOC_STRINGS = NO;
				SWIFT_VERSION = 5.0;
				TARGETED_DEVICE_FAMILY = "1,2";
				TEST_HOST = "$(BUILT_PRODUCTS_DIR)/MIETodoList.app/$(BUNDLE_EXECUTABLE_FOLDER_PATH)/MIETodoList";
			};
			name = Release;
		};
		74C8CC972AD20A5800CA0467 /* Debug */ = {
			isa = XCBuildConfiguration;
			buildSettings = {
				ALWAYS_EMBED_SWIFT_STANDARD_LIBRARIES = YES;
				CODE_SIGN_STYLE = Automatic;
				CURRENT_PROJECT_VERSION = 1;
				DEVELOPMENT_TEAM = 6U666T5AU4;
				GENERATE_INFOPLIST_FILE = YES;
				MARKETING_VERSION = 1.0;
				PRODUCT_BUNDLE_IDENTIFIER = MIETech.MIETodoListUITests;
				PRODUCT_NAME = "$(TARGET_NAME)";
				SWIFT_EMIT_LOC_STRINGS = NO;
				SWIFT_VERSION = 5.0;
				TARGETED_DEVICE_FAMILY = "1,2";
				TEST_TARGET_NAME = MIETodoList;
			};
			name = Debug;
		};
		74C8CC982AD20A5800CA0467 /* Release */ = {
			isa = XCBuildConfiguration;
			buildSettings = {
				ALWAYS_EMBED_SWIFT_STANDARD_LIBRARIES = YES;
				CODE_SIGN_STYLE = Automatic;
				CURRENT_PROJECT_VERSION = 1;
				DEVELOPMENT_TEAM = 6U666T5AU4;
				GENERATE_INFOPLIST_FILE = YES;
				MARKETING_VERSION = 1.0;
				PRODUCT_BUNDLE_IDENTIFIER = MIETech.MIETodoListUITests;
				PRODUCT_NAME = "$(TARGET_NAME)";
				SWIFT_EMIT_LOC_STRINGS = NO;
				SWIFT_VERSION = 5.0;
				TARGETED_DEVICE_FAMILY = "1,2";
				TEST_TARGET_NAME = MIETodoList;
			};
			name = Release;
		};
/* End XCBuildConfiguration section */

/* Begin XCConfigurationList section */
		74C8CC672AD20A5600CA0467 /* Build configuration list for PBXProject "MIETodoList" */ = {
			isa = XCConfigurationList;
			buildConfigurations = (
				74C8CC8E2AD20A5800CA0467 /* Debug */,
				74C8CC8F2AD20A5800CA0467 /* Release */,
			);
			defaultConfigurationIsVisible = 0;
			defaultConfigurationName = Release;
		};
		74C8CC902AD20A5800CA0467 /* Build configuration list for PBXNativeTarget "MIETodoList" */ = {
			isa = XCConfigurationList;
			buildConfigurations = (
				74C8CC912AD20A5800CA0467 /* Debug */,
				74C8CC922AD20A5800CA0467 /* Release */,
			);
			defaultConfigurationIsVisible = 0;
			defaultConfigurationName = Release;
		};
		74C8CC932AD20A5800CA0467 /* Build configuration list for PBXNativeTarget "MIETodoListTests" */ = {
			isa = XCConfigurationList;
			buildConfigurations = (
				74C8CC942AD20A5800CA0467 /* Debug */,
				74C8CC952AD20A5800CA0467 /* Release */,
			);
			defaultConfigurationIsVisible = 0;
			defaultConfigurationName = Release;
		};
		74C8CC962AD20A5800CA0467 /* Build configuration list for PBXNativeTarget "MIETodoListUITests" */ = {
			isa = XCConfigurationList;
			buildConfigurations = (
				74C8CC972AD20A5800CA0467 /* Debug */,
				74C8CC982AD20A5800CA0467 /* Release */,
			);
			defaultConfigurationIsVisible = 0;
			defaultConfigurationName = Release;
		};
/* End XCConfigurationList section */
	};
	rootObject = 74C8CC642AD20A5600CA0467 /* Project object */;
}
